{
    "_meta": {
        "hash": {
            "sha256": "d614854a4e6f59f8c983433e89c9a92a51ba47be652b4004d180510920b54951"
        },
        "pipfile-spec": 6,
        "requires": {
            "python_version": "3.9"
        },
        "sources": [
            {
                "name": "pypi",
                "url": "https://pypi.org/simple",
                "verify_ssl": true
            }
        ]
    },
    "default": {
        "attrs": {
            "hashes": [
                "sha256:1f28b4522cdc2fb4256ac1a020c78acf9cba2c6b461ccd2c126f3aa8e8335d04",
                "sha256:6279836d581513a26f1bf235f9acd333bc9115683f14f7e8fae46c98fc50e015"
            ],
            "markers": "python_version >= '3.7'",
            "version": "==23.1.0"
        },
        "aws-cdk-lib": {
            "hashes": [
                "sha256:2b6dcf394dd53d26cde74c3cd123ceaac2a77770fc34379afb1364d82800c98a",
                "sha256:5183fc073f9b791c7537f0e99b20c17c829451d4944ed1dd591f369c87b2e44c"
            ],
            "index": "pypi",
            "version": "==2.80.0"
        },
        "aws-cdk.asset-awscli-v1": {
            "hashes": [
                "sha256:48d7b8ed740e8e19d418f39ee46e0d4783a3c0ab757fb2285f28e1d0915a59c2",
                "sha256:841c943120217b82f13bc5afa2489197e88c649759683a37ff0c7947bcfb1284"
            ],
            "markers": "python_version ~= '3.7'",
            "version": "==2.2.183"
        },
        "aws-cdk.asset-kubectl-v20": {
            "hashes": [
                "sha256:9834cdb150c5590aea4e5eba6de2a89b4c60617451181c524810c5a75154565c",
                "sha256:a2fad1a5a35a94a465efe60859f91e45dacc33261fb9bbf1cf9bbc6e2f70e9d6"
            ],
            "markers": "python_version ~= '3.7'",
            "version": "==2.1.1"
        },
        "aws-cdk.asset-node-proxy-agent-v5": {
            "hashes": [
                "sha256:1585bccc85286cafaec12a5eefc8b529329d0a9ca6272f8e78842fd56d062912",
                "sha256:4b06f7b5a411ca9b500a8937b3b1945214faeec51ee51d436762e8dd082e56de"
            ],
            "markers": "python_version ~= '3.7'",
            "version": "==2.0.153"
        },
        "aws-cdk.aws-lambda-python-alpha": {
            "hashes": [
                "sha256:90a9a8ab6bff49377ab0f010f4b6bb11c89bc9eff99cd566f7b7d06160af8b49",
                "sha256:a4be55c0be3c4ee9cb9eeb6856e539bf64e2ba3d57b39fbe9b35c8d653d4abcb"
            ],
            "index": "pypi",
            "version": "==2.80.0a0"
        },
        "boto3": {
            "hashes": [
                "sha256:d47a68a0ca6599e8711c7da670fbac24085d9d50cfb4f761204f154d2b6fae26",
                "sha256:f0a78f94a7140b60960898fd86677e4e73cc96bd7f3e5c64fc5cc1818d04c7b8"
            ],
            "index": "pypi",
            "version": "==1.26.138"
        },
        "botocore": {
            "hashes": [
                "sha256:31edc237088c104f7a05887646bbec31d7459dd2e108fd90cbffa315902817e2",
                "sha256:3d145f30d10a9c712acee48e7ce906c9456bb25fe50d477c9312c702ccfa50d1"
            ],
            "markers": "python_version >= '3.7'",
            "version": "==1.29.138"
        },
        "cattrs": {
            "hashes": [
                "sha256:bc12b1f0d000b9f9bee83335887d532a1d3e99a833d1bf0882151c97d3e68c21",
                "sha256:f0eed5642399423cf656e7b66ce92cdc5b963ecafd041d1b24d136fdde7acf6d"
            ],
            "markers": "python_version >= '3.7'",
            "version": "==22.2.0"
        },
        "constructs": {
            "hashes": [
                "sha256:47233341dcade5863cd313f39263a12e0e332442a59e62016a538b1b59a0a294",
                "sha256:ff097e72c1f4e6e26c8929fc7741734d31ce4d5cd89a55bea0e5284be3769ab6"
            ],
            "index": "pypi",
            "version": "==10.2.31"
        },
        "importlib-resources": {
            "hashes": [
                "sha256:4be82589bf5c1d7999aedf2a45159d10cb3ca4f19b2271f8792bc8e6da7b22f6",
                "sha256:7b1deeebbf351c7578e09bf2f63fa2ce8b5ffec296e0d349139d43cca061a81a"
            ],
            "markers": "python_version >= '3.7'",
            "version": "==5.12.0"
        },
        "jmespath": {
            "hashes": [
                "sha256:02e2e4cc71b5bcab88332eebf907519190dd9e6e82107fa7f83b1003a6252980",
                "sha256:90261b206d6defd58fdd5e85f478bf633a2901798906be2ad389150c5c60edbe"
            ],
            "markers": "python_version >= '3.7'",
            "version": "==1.0.1"
        },
        "jsii": {
            "hashes": [
                "sha256:69231656bec928fbabadac096c88a4a6c9e2cc0d6e6e4ddb5d0ccaf84ade5bd2",
                "sha256:7876ed3ab13bb56a463ac3e38e6ece427628a894a600fd5ad87a6e1da5af98ba"
            ],
            "markers": "python_version ~= '3.7'",
            "version": "==1.82.0"
        },
        "publication": {
            "hashes": [
                "sha256:0248885351febc11d8a1098d5c8e3ab2dabcf3e8c0c96db1e17ecd12b53afbe6",
                "sha256:68416a0de76dddcdd2930d1c8ef853a743cc96c82416c4e4d3b5d901c6276dc4"
            ],
            "version": "==0.0.3"
        },
        "python-dateutil": {
            "hashes": [
                "sha256:0123cacc1627ae19ddf3c27a5de5bd67ee4586fbdd6440d9748f8abb483d3e86",
                "sha256:961d03dc3453ebbc59dbdea9e4e11c5651520a876d0f4db161e8674aae935da9"
            ],
            "markers": "python_version >= '2.7' and python_version not in '3.0, 3.1, 3.2, 3.3'",
            "version": "==2.8.2"
        },
        "s3transfer": {
            "hashes": [
                "sha256:3c0da2d074bf35d6870ef157158641178a4204a6e689e82546083e31e0311346",
                "sha256:640bb492711f4c0c0905e1f62b6aaeb771881935ad27884852411f8e9cacbca9"
            ],
            "markers": "python_version >= '3.7'",
            "version": "==0.6.1"
        },
        "six": {
            "hashes": [
                "sha256:1e61c37477a1626458e36f7b1d82aa5c9b094fa4802892072e49de9c60c4c926",
                "sha256:8abb2f1d86890a2dfb989f9a77cfcfd3e47c2a354b01111771326f8aa26e0254"
            ],
            "markers": "python_version >= '2.7' and python_version not in '3.0, 3.1, 3.2, 3.3'",
            "version": "==1.16.0"
        },
        "typeguard": {
            "hashes": [
                "sha256:00edaa8da3a133674796cf5ea87d9f4b4c367d77476e185e80251cc13dfbb8c4",
                "sha256:5e3e3be01e887e7eafae5af63d1f36c849aaa94e3a0112097312aabfa16284f1"
            ],
            "markers": "python_full_version >= '3.5.3'",
            "version": "==2.13.3"
        },
        "typing-extensions": {
            "hashes": [
                "sha256:6ad00b63f849b7dcc313b70b6b304ed67b2b2963b3098a33efe18056b1a9a223",
                "sha256:ff6b238610c747e44c268aa4bb23c8c735d665a63726df3f9431ce707f2aa768"
            ],
            "markers": "python_version >= '3.7'",
            "version": "==4.6.0"
        },
        "urllib3": {
            "hashes": [
                "sha256:8a388717b9476f934a21484e8c8e61875ab60644d29b9b39e11e4b9dc1c6b305",
                "sha256:aa751d169e23c7479ce47a0cb0da579e3ede798f994f5816a74e4f4500dcea42"
            ],
            "markers": "python_version >= '2.7' and python_version not in '3.0, 3.1, 3.2, 3.3, 3.4, 3.5'",
            "version": "==1.26.15"
        }
    },
    "develop": {
        "autoflake": {
            "hashes": [
                "sha256:75524b48d42d6537041d91f17573b8a98cb645642f9f05c7fcc68de10b1cade3",
                "sha256:94e330a2bcf5ac01384fb2bf98bea60c6383eaa59ea62be486e376622deba985"
            ],
            "index": "pypi",
            "version": "==2.1.1"
        },
        "black": {
            "hashes": [
                "sha256:064101748afa12ad2291c2b91c960be28b817c0c7eaa35bec09cc63aa56493c5",
                "sha256:0945e13506be58bf7db93ee5853243eb368ace1c08a24c65ce108986eac65915",
                "sha256:11c410f71b876f961d1de77b9699ad19f939094c3a677323f43d7a29855fe326",
                "sha256:1c7b8d606e728a41ea1ccbd7264677e494e87cf630e399262ced92d4a8dac940",
                "sha256:1d06691f1eb8de91cd1b322f21e3bfc9efe0c7ca1f0e1eb1db44ea367dff656b",
                "sha256:3238f2aacf827d18d26db07524e44741233ae09a584273aa059066d644ca7b30",
                "sha256:32daa9783106c28815d05b724238e30718f34155653d4d6e125dc7daec8e260c",
                "sha256:35d1381d7a22cc5b2be2f72c7dfdae4072a3336060635718cc7e1ede24221d6c",
                "sha256:3a150542a204124ed00683f0db1f5cf1c2aaaa9cc3495b7a3b5976fb136090ab",
                "sha256:48f9d345675bb7fbc3dd85821b12487e1b9a75242028adad0333ce36ed2a6d27",
                "sha256:50cb33cac881766a5cd9913e10ff75b1e8eb71babf4c7104f2e9c52da1fb7de2",
                "sha256:562bd3a70495facf56814293149e51aa1be9931567474993c7942ff7d3533961",
                "sha256:67de8d0c209eb5b330cce2469503de11bca4085880d62f1628bd9972cc3366b9",
                "sha256:6b39abdfb402002b8a7d030ccc85cf5afff64ee90fa4c5aebc531e3ad0175ddb",
                "sha256:6f3c333ea1dd6771b2d3777482429864f8e258899f6ff05826c3a4fcc5ce3f70",
                "sha256:714290490c18fb0126baa0fca0a54ee795f7502b44177e1ce7624ba1c00f2331",
                "sha256:7c3eb7cea23904399866c55826b31c1f55bbcd3890ce22ff70466b907b6775c2",
                "sha256:92c543f6854c28a3c7f39f4d9b7694f9a6eb9d3c5e2ece488c327b6e7ea9b266",
                "sha256:a6f6886c9869d4daae2d1715ce34a19bbc4b95006d20ed785ca00fa03cba312d",
                "sha256:a8a968125d0a6a404842fa1bf0b349a568634f856aa08ffaff40ae0dfa52e7c6",
                "sha256:c7ab5790333c448903c4b721b59c0d80b11fe5e9803d8703e84dcb8da56fec1b",
                "sha256:e114420bf26b90d4b9daa597351337762b63039752bdf72bf361364c1aa05925",
                "sha256:e198cf27888ad6f4ff331ca1c48ffc038848ea9f031a3b40ba36aced7e22f2c8",
                "sha256:ec751418022185b0c1bb7d7736e6933d40bbb14c14a0abcf9123d1b159f98dd4",
                "sha256:f0bd2f4a58d6666500542b26354978218a9babcdc972722f4bf90779524515f3"
            ],
            "index": "pypi",
            "version": "==23.3.0"
        },
        "boto3-stubs": {
            "extras": [
                "essential"
            ],
            "hashes": [
                "sha256:188a9bde3bc968841fbca9faf8960f638024ed69eec8e2faf502a8decc4e9d90",
                "sha256:275498b7766cc7691325f3aa568f1d4a2590f6a252511879c2a6ec9aba6663a9"
            ],
            "index": "pypi",
            "version": "==1.26.138"
        },
        "botocore-stubs": {
            "hashes": [
                "sha256:5f6f1967d23c45834858a055cbf65b66863f9f28d05f32f57bf52864a13512d9",
                "sha256:622c4a5cd740498439008d81c5ded612146f4f0d575341c12591f978edbbe733"
            ],
            "markers": "python_version >= '3.7' and python_version < '4.0'",
            "version": "==1.29.130"
        },
        "click": {
            "hashes": [
                "sha256:7682dc8afb30297001674575ea00d1814d808d6a36af415a82bd481d37ba7b8e",
                "sha256:bb4d8133cb15a609f44e8213d9b391b0809795062913b383c62be0ee95b1db48"
            ],
            "markers": "python_version >= '3.7'",
            "version": "==8.1.3"
        },
        "flake8": {
            "hashes": [
                "sha256:3833794e27ff64ea4e9cf5d410082a8b97ff1a06c16aa3d2027339cd0f1195c7",
                "sha256:c61007e76655af75e6785a931f452915b371dc48f56efd765247c8fe68f2b181"
            ],
            "index": "pypi",
            "version": "==6.0.0"
        },
        "isort": {
            "hashes": [
                "sha256:8bef7dde241278824a6d83f44a544709b065191b95b6e50894bdc722fcba0504",
                "sha256:f84c2818376e66cf843d497486ea8fed8700b340f308f076c6fb1229dff318b6"
            ],
            "index": "pypi",
            "version": "==5.12.0"
        },
        "mccabe": {
            "hashes": [
                "sha256:348e0240c33b60bbdf4e523192ef919f28cb2c3d7d5c7794f74009290f236325",
                "sha256:6c2d30ab6be0e4a46919781807b4f0d834ebdd6c6e3dca0bda5a15f863427b6e"
            ],
            "markers": "python_version >= '3.6'",
            "version": "==0.7.0"
        },
        "mypy-boto3-cloudformation": {
            "hashes": [
                "sha256:566487e5037170f58229af7f9fb2c62b0e98e5a1aa5bcd5eef54afb38a214561",
                "sha256:feeb7cae3d2b850c8fc848585e1c4410bddc9860198edd14401a1c030789994d"
            ],
            "version": "==1.26.108"
        },
        "mypy-boto3-dynamodb": {
            "hashes": [
                "sha256:280d4b71b716e221887cfbd8aeb27699efb2ed5f5ac98621878dbe99492dcd8c",
                "sha256:b94d69617d118421d625120d38b81772ef3aa2ba2d98e771008f9c72388f60f1"
            ],
            "version": "==1.26.115"
        },
        "mypy-boto3-ec2": {
            "hashes": [
                "sha256:51be9f2188802b0e27e9f85f7bdf773dbb93859ed4fd99e71738710e53b4d78f",
                "sha256:d02842ffc7504d7a0f7728652b2321729a4b8635251c68ae4692e52a8df40b02"
            ],
            "version": "==1.26.136"
        },
        "mypy-boto3-lambda": {
            "hashes": [
                "sha256:2839045d23b48f7a99ac3fdc71bcecde15998245c6e515b1cf2e8f589a9ae23e",
                "sha256:b46d153f69b407c76d17ba97390fad9285215fa3dcf484bb7d6ffa0880fca746"
            ],
            "version": "==1.26.122"
        },
        "mypy-boto3-rds": {
            "hashes": [
                "sha256:add2ac9ce7088deb750f71cf07074339aafbe3791ac184ce0fa58ee860dbf9fd",
                "sha256:e2f4758ac1ef94b243f5c3fc7f9436a6e8defbe3e33b3f41ca61105f5d652a55"
            ],
            "version": "==1.26.136"
        },
        "mypy-boto3-s3": {
            "hashes": [
                "sha256:0e548b97c6a2589f7bff5d26a1ca101622749771379226e3ad0822629d0613c5",
                "sha256:21e647caa18d98dbbc706597c9b27d41674f18850f42b2cfdb9a39b39820e470"
            ],
            "version": "==1.26.127"
        },
        "mypy-boto3-sqs": {
            "hashes": [
                "sha256:7fd7258f2d55a8c6e1f3d8268541c3085e5d42fd27b16a1cf8352ba390885b31",
                "sha256:c876df86f8ad6ae238453730c8fda2b38a37e121f773490ca90464d63dcb8cf3"
            ],
            "version": "==1.26.129"
        },
        "mypy-extensions": {
            "hashes": [
                "sha256:4392f6c0eb8a5668a69e23d168ffa70f0be9ccfd32b5cc2d26a34ae5b844552d",
                "sha256:75dbf8955dc00442a438fc4d0666508a9a97b6bd41aa2f0ffe9d2f2725af0782"
            ],
            "markers": "python_version >= '3.5'",
            "version": "==1.0.0"
        },
        "packaging": {
            "hashes": [
                "sha256:994793af429502c4ea2ebf6bf664629d07c1a9fe974af92966e4b8d2df7edc61",
                "sha256:a392980d2b6cffa644431898be54b0045151319d1e7ec34f0cfed48767dd334f"
            ],
            "markers": "python_version >= '3.7'",
            "version": "==23.1"
        },
        "pathspec": {
            "hashes": [
                "sha256:2798de800fa92780e33acca925945e9a19a133b715067cf165b8866c15a31687",
                "sha256:d8af70af76652554bd134c22b3e8a1cc46ed7d91edcdd721ef1a0c51a84a5293"
            ],
            "markers": "python_version >= '3.7'",
            "version": "==0.11.1"
        },
        "platformdirs": {
            "hashes": [
                "sha256:412dae91f52a6f84830f39a8078cecd0e866cb72294a5c66808e74d5e88d251f",
                "sha256:e2378146f1964972c03c085bb5662ae80b2b8c06226c54b2ff4aa9483e8a13a5"
            ],
            "markers": "python_version >= '3.7'",
            "version": "==3.5.1"
        },
        "pycodestyle": {
            "hashes": [
                "sha256:347187bdb476329d98f695c213d7295a846d1152ff4fe9bacb8a9590b8ee7053",
                "sha256:8a4eaf0d0495c7395bdab3589ac2db602797d76207242c17d470186815706610"
            ],
            "markers": "python_version >= '3.6'",
            "version": "==2.10.0"
        },
        "pyflakes": {
            "hashes": [
                "sha256:ec55bf7fe21fff7f1ad2f7da62363d749e2a470500eab1b555334b67aa1ef8cf",
                "sha256:ec8b276a6b60bd80defed25add7e439881c19e64850afd9b346283d4165fd0fd"
            ],
            "markers": "python_version >= '3.6'",
            "version": "==3.0.1"
        },
        "types-awscrt": {
            "hashes": [
                "sha256:9e447df3ad46767887d14fa9c856df94f80e8a0a7f0169577ab23b52ee37bcdf",
                "sha256:e28fb3f20568ce9e96e33e01e0b87b891822f36b8f368adb582553b016d4aa08"
            ],
            "markers": "python_version >= '3.7' and python_version < '4.0'",
            "version": "==0.16.17"
        },
        "types-s3transfer": {
            "hashes": [
                "sha256:6d1ac1dedac750d570428362acdf60fdd4f277b0788855c3894d3226756b2bfb",
                "sha256:75ac1d7143d58c1e6af467cfd4a96c67ee058a3adf7c249d9309999e1f5f41e4"
            ],
            "markers": "python_version >= '3.7' and python_version < '4.0'",
            "version": "==0.6.1"
        }
    }
}
